
Microsoft Visual Studio Solution File, Format Version 12.00
# Visual Studio Version 16
VisualStudioVersion = 16.0.30717.126
MinimumVisualStudioVersion = 10.0.40219.1
Project("{9A19103F-16F7-4668-BE54-9A1E7A4F7556}") = "Problema1", "Problema1.csproj", "{2536C3F4-06EA-43EC-B9AB-08A2DF69F6E2}"
EndProject
Project("{FAE04EC0-301F-11D3-BF4B-00C04F79EFBC}") = "Problema2", "..\Problema2\Problema2.csproj", "{3146C6A4-6655-43A2-A2DF-9554D493CCB8}"
EndProject
Project("{FAE04EC0-301F-11D3-BF4B-00C04F79EFBC}") = "Problema3", "..\Problema3\Problema3.csproj", "{07BCBA2B-64C6-4963-803F-004B43B6719F}"
EndProject
Project("{FAE04EC0-301F-11D3-BF4B-00C04F79EFBC}") = "Problema4", "..\Problema4\Problema4.csproj", "{CDB1ED95-1558-4FAC-AC6B-726F64B429F4}"
EndProject
Global
	GlobalSection(SolutionConfigurationPlatforms) = preSolution
		Debug|Any CPU = Debug|Any CPU
		Release|Any CPU = Release|Any CPU
	EndGlobalSection
	GlobalSection(ProjectConfigurationPlatforms) = postSolution
		{2536C3F4-06EA-43EC-B9AB-08A2DF69F6E2}.Debug|Any CPU.ActiveCfg = Debug|Any CPU
		{2536C3F4-06EA-43EC-B9AB-08A2DF69F6E2}.Debug|Any CPU.Build.0 = Debug|Any CPU
		{2536C3F4-06EA-43EC-B9AB-08A2DF69F6E2}.Release|Any CPU.ActiveCfg = Release|Any CPU
		{2536C3F4-06EA-43EC-B9AB-08A2DF69F6E2}.Release|Any CPU.Build.0 = Release|Any CPU
		{3146C6A4-6655-43A2-A2DF-9554D493CCB8}.Debug|Any CPU.ActiveCfg = Debug|Any CPU
		{3146C6A4-6655-43A2-A2DF-9554D493CCB8}.Debug|Any CPU.Build.0 = Debug|Any CPU
		{3146C6A4-6655-43A2-A2DF-9554D493CCB8}.Release|Any CPU.ActiveCfg = Release|Any CPU
		{3146C6A4-6655-43A2-A2DF-9554D493CCB8}.Release|Any CPU.Build.0 = Release|Any CPU
		{07BCBA2B-64C6-4963-803F-004B43B6719F}.Debug|Any CPU.ActiveCfg = Debug|Any CPU
		{07BCBA2B-64C6-4963-803F-004B43B6719F}.Debug|Any CPU.Build.0 = Debug|Any CPU
		{07BCBA2B-64C6-4963-803F-004B43B6719F}.Release|Any CPU.ActiveCfg = Release|Any CPU
		{07BCBA2B-64C6-4963-803F-004B43B6719F}.Release|Any CPU.Build.0 = Release|Any CPU
		{CDB1ED95-1558-4FAC-AC6B-726F64B429F4}.Debug|Any CPU.ActiveCfg = Debug|Any CPU
		{CDB1ED95-1558-4FAC-AC6B-726F64B429F4}.Debug|Any CPU.Build.0 = Debug|Any CPU
		{CDB1ED95-1558-4FAC-AC6B-726F64B429F4}.Release|Any CPU.ActiveCfg = Release|Any CPU
		{CDB1ED95-1558-4FAC-AC6B-726F64B429F4}.Release|Any CPU.Build.0 = Release|Any CPU
	EndGlobalSection
	GlobalSection(SolutionProperties) = preSolution
		HideSolutionNode = FALSE
	EndGlobalSection
	GlobalSection(ExtensibilityGlobals) = postSolution
		SolutionGuid = {0238E0B2-6CFC-41C9-9D37-3A457030FF0F}
	EndGlobalSection
EndGlobal
